{
	"name": "hello-uniapp",
	"version": "3.4.4",
	"lockfileVersion": 1,
	"requires": true,
	"dependencies": {
		"@babel/runtime": {
			"version": "7.21.0",
			"resolved": "https://registry.npmmirror.com/@babel/runtime/-/runtime-7.21.0.tgz",
			"integrity": "sha512-xwII0//EObnq89Ji5AKYQaRYiW/nZ3llSv29d49IuxPhKbtJoLP+9QUUZ4nVragQVtaVGeZrpB+ZtG/Pdy/POw==",
			"requires": {
				"regenerator-runtime": "^0.13.11"
			}
		},
		"copy-text-to-clipboard": {
			"version": "3.1.0",
			"resolved": "https://registry.npmmirror.com/copy-text-to-clipboard/-/copy-text-to-clipboard-3.1.0.tgz",
			"integrity": "sha512-PFM6BnjLnOON/lB3ta/Jg7Ywsv+l9kQGD4TWDCSlRBGmqnnTM5MrDkhAFgw+8HZt0wW6Q2BBE4cmy9sq+s9Qng=="
		},
		"core-js": {
			"version": "3.29.1",
			"resolved": "https://registry.npmmirror.com/core-js/-/core-js-3.29.1.tgz",
			"integrity": "sha512-+jwgnhg6cQxKYIIjGtAHq2nwUOolo9eoFZ4sHfUH09BLXBgxnH4gA0zEd+t+BO2cNB8idaBtZFcFTRjQJRJmAw=="
		},
		"immediate": {
			"version": "3.0.6",
			"resolved": "https://registry.npmjs.org/immediate/-/immediate-3.0.6.tgz",
			"integrity": "sha512-XXOFtyqDjNDAQxVfYxuF7g9Il/IbWmmlQg2MYKOH8ExIT1qg6xc4zyS3HaEEATgs1btfzxq15ciUiY7gjSXRGQ=="
		},
		"lie": {
			"version": "3.1.1",
			"resolved": "https://registry.npmjs.org/lie/-/lie-3.1.1.tgz",
			"integrity": "sha512-RiNhHysUjhrDQntfYSfY4MU24coXXdEOgw9WGcKHNeEwffDYbF//u87M1EWaMGzuFoSbqW0C9C6lEEhDOAswfw==",
			"requires": {
				"immediate": "~3.0.5"
			}
		},
		"localforage": {
			"version": "1.10.0",
			"resolved": "https://registry.npmjs.org/localforage/-/localforage-1.10.0.tgz",
			"integrity": "sha512-14/H1aX7hzBBmmh7sGPd+AOMkkIrHM3Z1PAyGgZigA1H1p5O5ANnMyWzvpAETtG68/dC4pC0ncy3+PPGzXZHPg==",
			"requires": {
				"lie": "3.1.1"
			}
		},
		"mutation-observer": {
			"version": "1.0.3",
			"resolved": "https://registry.npmmirror.com/mutation-observer/-/mutation-observer-1.0.3.tgz",
			"integrity": "sha512-M/O/4rF2h776hV7qGMZUH3utZLO/jK7p8rnNgGkjKUw8zCGjRQPxB8z6+5l8+VjRUQ3dNYu4vjqXYLr+U8ZVNA=="
		},
		"regenerator-runtime": {
			"version": "0.13.11",
			"resolved": "https://registry.npmmirror.com/regenerator-runtime/-/regenerator-runtime-0.13.11.tgz",
			"integrity": "sha512-kY1AZVr2Ra+t+piVaJ4gxaFaReZVH40AKNo7UCX6W+dEwBo/2oZJzqfuN1qLq1oL45o56cPaTXELwrTh8Fpggg=="
		},
		"vconsole": {
			"version": "3.15.0",
			"resolved": "https://registry.npmmirror.com/vconsole/-/vconsole-3.15.0.tgz",
			"integrity": "sha512-8hq7wabPcRucSWQyN7/1tthMawP9JPvM95zgtMHpPknMMMCKj+abpoK7P7oKK4B0qw58C24Mdvo9+raUdpHyVQ==",
			"requires": {
				"@babel/runtime": "^7.17.2",
				"copy-text-to-clipboard": "^3.0.1",
				"core-js": "^3.11.0",
				"mutation-observer": "^1.0.3"
			}
		},
		"weixin-js-sdk": {
			"version": "1.6.0",
			"resolved": "https://registry.npmmirror.com/weixin-js-sdk/-/weixin-js-sdk-1.6.0.tgz",
			"integrity": "sha512-3IYQH7aalJGFJrwdT3epvTdR1MboMiH7vIZ5BRL2eYOJ12BNah7csoMkmSZzkq1+l92sSq29XdTCVjCJoK2sBQ=="
		}
	}
}
